
Microsoft Visual Studio Solution File, Format Version 12.00
# Visual Studio Version 17
VisualStudioVersion = 17.0.31903.59
MinimumVisualStudioVersion = 10.0.40219.1
Project("{FAE04EC0-301F-11D3-BF4B-00C04F79EFBC}") = "CepSystem.API", "CepSystem.API\CepSystem.API.csproj", "{FDED9781-C5B3-420E-BCDD-4025BC2A4802}"
EndProject
Project("{2150E333-8FDC-42A3-9474-1A3956D46DE8}") = "CepSystem.API", "CepSystem.API", "{8E77384F-8C21-4FE8-810F-359C1F8759E8}"
EndProject
Project("{FAE04EC0-301F-11D3-BF4B-00C04F79EFBC}") = "CepSystem.Application", "CepSystem.Application\CepSystem.Application.csproj", "{55B529DF-D57B-4FBE-9864-6114A03AF822}"
EndProject
Project("{FAE04EC0-301F-11D3-BF4B-00C04F79EFBC}") = "CepSystem.Domain", "CepSystem.Domain\CepSystem.Domain.csproj", "{474482C8-C163-4AA6-B74A-79FEB60C203A}"
EndProject
Project("{FAE04EC0-301F-11D3-BF4B-00C04F79EFBC}") = "CepSystem.Infrastructure", "CepSystem.Infrastructure\CepSystem.Infrastructure.csproj", "{DC2995CE-3B5F-46FD-9D93-1A31914092DD}"
EndProject
Global
	GlobalSection(SolutionConfigurationPlatforms) = preSolution
		Debug|Any CPU = Debug|Any CPU
		Release|Any CPU = Release|Any CPU
	EndGlobalSection
	GlobalSection(SolutionProperties) = preSolution
		HideSolutionNode = FALSE
	EndGlobalSection
	GlobalSection(ProjectConfigurationPlatforms) = postSolution
		{FDED9781-C5B3-420E-BCDD-4025BC2A4802}.Debug|Any CPU.ActiveCfg = Debug|Any CPU
		{FDED9781-C5B3-420E-BCDD-4025BC2A4802}.Debug|Any CPU.Build.0 = Debug|Any CPU
		{FDED9781-C5B3-420E-BCDD-4025BC2A4802}.Release|Any CPU.ActiveCfg = Release|Any CPU
		{FDED9781-C5B3-420E-BCDD-4025BC2A4802}.Release|Any CPU.Build.0 = Release|Any CPU
		{55B529DF-D57B-4FBE-9864-6114A03AF822}.Debug|Any CPU.ActiveCfg = Debug|Any CPU
		{55B529DF-D57B-4FBE-9864-6114A03AF822}.Debug|Any CPU.Build.0 = Debug|Any CPU
		{55B529DF-D57B-4FBE-9864-6114A03AF822}.Release|Any CPU.ActiveCfg = Release|Any CPU
		{55B529DF-D57B-4FBE-9864-6114A03AF822}.Release|Any CPU.Build.0 = Release|Any CPU
		{474482C8-C163-4AA6-B74A-79FEB60C203A}.Debug|Any CPU.ActiveCfg = Debug|Any CPU
		{474482C8-C163-4AA6-B74A-79FEB60C203A}.Debug|Any CPU.Build.0 = Debug|Any CPU
		{474482C8-C163-4AA6-B74A-79FEB60C203A}.Release|Any CPU.ActiveCfg = Release|Any CPU
		{474482C8-C163-4AA6-B74A-79FEB60C203A}.Release|Any CPU.Build.0 = Release|Any CPU
		{DC2995CE-3B5F-46FD-9D93-1A31914092DD}.Debug|Any CPU.ActiveCfg = Debug|Any CPU
		{DC2995CE-3B5F-46FD-9D93-1A31914092DD}.Debug|Any CPU.Build.0 = Debug|Any CPU
		{DC2995CE-3B5F-46FD-9D93-1A31914092DD}.Release|Any CPU.ActiveCfg = Release|Any CPU
		{DC2995CE-3B5F-46FD-9D93-1A31914092DD}.Release|Any CPU.Build.0 = Release|Any CPU
	EndGlobalSection
	GlobalSection(NestedProjects) = preSolution
		{FDED9781-C5B3-420E-BCDD-4025BC2A4802} = {8E77384F-8C21-4FE8-810F-359C1F8759E8}
	EndGlobalSection
EndGlobal
